{
    "_meta": {
        "hash": {
            "sha256": "13ce599b29641c8640398619d2524abad328ad64f7c8fa4909b81ffb96baa474"
        },
        "pipfile-spec": 6,
        "requires": {
            "python_full_version": "3.12.0",
            "python_version": "3.12"
        },
        "sources": [
            {
                "name": "pypi",
                "url": "https://pypi.org/simple",
                "verify_ssl": true
            }
        ]
    },
    "default": {
        "aiofiles": {
            "hashes": [
                "sha256:22a075c9e5a3810f0c2e48f3008c94d68c65d763b9b03857924c99e57355166c",
                "sha256:b4ec55f4195e3eb5d7abd1bf7e061763e864dd4954231fb8539a0ef8bb8260e5"
            ],
            "index": "pypi",
            "markers": "python_version >= '3.8'",
            "version": "==24.1.0"
        },
        "aiohappyeyeballs": {
            "hashes": [
                "sha256:75cf88a15106a5002a8eb1dab212525c00d1f4c0fa96e551c9fbe6f09a621586",
                "sha256:8a7a83727b2756f394ab2895ea0765a0a8c475e3c71e98d43d76f22b4b435572"
            ],
            "markers": "python_version >= '3.8'",
            "version": "==2.4.3"
        },
        "aiohttp": {
            "hashes": [
                "sha256:08ebe7a1d6c1e5ca766d68407280d69658f5f98821c2ba6c41c63cabfed159af",
                "sha256:0a90a0dc4b054b5af299a900bf950fe8f9e3e54322bc405005f30aa5cacc5c98",
                "sha256:0cba0b8d25aa2d450762f3dd6df85498f5e7c3ad0ddeb516ef2b03510f0eea32",
                "sha256:0ebdf5087e2ce903d8220cc45dcece90c2199ae4395fd83ca616fcc81010db2c",
                "sha256:10a5f91c319d9d4afba812f72984816b5fcd20742232ff7ecc1610ffbf3fc64d",
                "sha256:122768e3ae9ce74f981b46edefea9c6e5a40aea38aba3ac50168e6370459bf20",
                "sha256:14eb6c628432720e41b4fab1ada879d56cfe7034159849e083eb536b4c2afa99",
                "sha256:177b000efaf8d2f7012c649e8aee5b0bf488677b1162be5e7511aa4f9d567607",
                "sha256:1c2496182e577042e0e07a328d91c949da9e77a2047c7291071e734cd7a6e780",
                "sha256:1e33a7eddcd07545ccf5c3ab230f60314a17dc33e285475e8405e26e21f02660",
                "sha256:2793d3297f3e49015140e6d3ea26142c967e07998e2fb00b6ee8d041138fbc4e",
                "sha256:2914061f5ca573f990ec14191e6998752fa8fe50d518e3405410353c3f44aa5d",
                "sha256:2adb967454e10e69478ba4a8d8afbba48a7c7a8619216b7c807f8481cc66ddfb",
                "sha256:2b02a68b9445c70d7f5c8b578c5f5e5866b1d67ca23eb9e8bc8658ae9e3e2c74",
                "sha256:3129151378f858cdc4a0a4df355c9a0d060ab49e2eea7e62e9f085bac100551b",
                "sha256:32334f35824811dd20a12cc90825d000e6b50faaeaa71408d42269151a66140d",
                "sha256:33af11eca7bb0f5c6ffaf5e7d9d2336c2448f9c6279b93abdd6f3c35f9ee321f",
                "sha256:34f37c59b12bc3afc52bab6fcd9cd3be82ff01c4598a84cbea934ccb3a9c54a0",
                "sha256:3666c750b73ce463a413692e3a57c60f7089e2d9116a2aa5a0f0eaf2ae325148",
                "sha256:374baefcb1b6275f350da605951f5f02487a9bc84a574a7d5b696439fabd49a3",
                "sha256:382f853516664d2ebfc75dc01da4a10fdef5edcb335fe7b45cf471ce758ecb18",
                "sha256:3b1f4844909321ef2c1cee50ddeccbd6018cd8c8d1ddddda3f553e94a5859497",
                "sha256:3f617a48b70f4843d54f52440ea1e58da6bdab07b391a3a6aed8d3b311a4cc04",
                "sha256:435f7a08d8aa42371a94e7c141205a9cb092ba551084b5e0c57492e6673601a3",
                "sha256:44b69c69c194ffacbc50165911cf023a4b1b06422d1e1199d3aea82eac17004e",
                "sha256:486273d3b5af75a80c31c311988931bdd2a4b96a74d5c7f422bad948f99988ef",
                "sha256:4a23475d8d5c56e447b7752a1e2ac267c1f723f765e406c81feddcd16cdc97bc",
                "sha256:4c979fc92aba66730b66099cd5becb42d869a26c0011119bc1c2478408a8bf7a",
                "sha256:4d7fad8c456d180a6d2f44c41cfab4b80e2e81451815825097db48b8293f59d5",
                "sha256:50e0aee4adc9abcd2109c618a8d1b2c93b85ac277b24a003ab147d91e068b06d",
                "sha256:556564d89e2f4a6e8fe000894c03e4e84cf0b6cfa5674e425db122633ee244d1",
                "sha256:5587da333b7d280a312715b843d43e734652aa382cba824a84a67c81f75b338b",
                "sha256:57993f406ce3f114b2a6756d7809be3ffd0cc40f33e8f8b9a4aa1b027fd4e3eb",
                "sha256:5d6e069b882c1fdcbe5577dc4be372eda705180197140577a4cddb648c29d22e",
                "sha256:5d878a0186023ac391861958035174d0486f3259cabf8fd94e591985468da3ea",
                "sha256:5d90b5a3b0f32a5fecf5dd83d828713986c019585f5cddf40d288ff77f366615",
                "sha256:5e9a766c346b2ed7e88937919d84ed64b4ef489dad1d8939f806ee52901dc142",
                "sha256:64e8f5178958a9954043bc8cd10a5ae97352c3f2fc99aa01f2aebb0026010910",
                "sha256:66e58a2e8c7609a3545c4b38fb8b01a6b8346c4862e529534f7674c5265a97b8",
                "sha256:68d1f46f9387db3785508f5225d3acbc5825ca13d9c29f2b5cce203d5863eb79",
                "sha256:6ad9a7d2a3a0f235184426425f80bd3b26c66b24fd5fddecde66be30c01ebe6e",
                "sha256:6e8e19a80ba194db5c06915a9df23c0c06e0e9ca9a4db9386a6056cca555a027",
                "sha256:73a664478ae1ea011b5a710fb100b115ca8b2146864fa0ce4143ff944df714b8",
                "sha256:766d0ebf8703d28f854f945982aa09224d5a27a29594c70d921c43c3930fe7ac",
                "sha256:783741f534c14957fbe657d62a34b947ec06db23d45a2fd4a8aeb73d9c84d7e6",
                "sha256:79efd1ee3827b2f16797e14b1e45021206c3271249b4d0025014466d416d7413",
                "sha256:83a70e22e0f6222effe7f29fdeba6c6023f9595e59a0479edacfbd7de4b77bb7",
                "sha256:85de9904bc360fd29a98885d2bfcbd4e02ab33c53353cb70607f2bea2cb92468",
                "sha256:8d954ba0eae7f33884d27dc00629ca4389d249eb8d26ca07c30911257cae8c96",
                "sha256:9075313f8e41b481e4cb10af405054564b0247dc335db5398ed05f8ec38787e2",
                "sha256:97fba98fc5d9ccd3d33909e898d00f2494d6a9eec7cbda3d030632e2c8bb4d00",
                "sha256:994cb893936dd2e1803655ae8667a45066bfd53360b148e22b4e3325cc5ea7a3",
                "sha256:9aa4e68f1e4f303971ec42976fb170204fb5092de199034b57199a1747e78a2d",
                "sha256:9b6d15adc9768ff167614ca853f7eeb6ee5f1d55d5660e3af85ce6744fed2b82",
                "sha256:9bbb2dbc2701ab7e9307ca3a8fa4999c5b28246968e0a0202a5afabf48a42e22",
                "sha256:9c8d1db4f65bbc9d75b7b271d68fb996f1c8c81a525263862477d93611856c2d",
                "sha256:a7b0a1618060e3f5aa73d3526ca2108a16a1b6bf86612cd0bb2ddcbef9879d06",
                "sha256:afa55e863224e664a782effa62245df73fdfc55aee539bed6efacf35f6d4e4b7",
                "sha256:b339d91ac9060bd6ecdc595a82dc151045e5d74f566e0864ef3f2ba0887fec42",
                "sha256:b470de64d17156c37e91effc109d3b032b39867000e2c126732fe01d034441f9",
                "sha256:b4ec8afd362356b8798c8caa806e91deb3f0602d8ffae8e91d2d3ced2a90c35e",
                "sha256:c28c1677ea33ccb8b14330560094cc44d3ff4fad617a544fd18beb90403fe0f1",
                "sha256:c681f34e2814bc6e1eef49752b338061b94a42c92734d0be9513447d3f83718c",
                "sha256:cccb2937bece1310c5c0163d0406aba170a2e5fb1f0444d7b0e7fdc9bd6bb713",
                "sha256:cdc6f8dce09281ae534eaf08a54f0d38612398375f28dad733a8885f3bf9b978",
                "sha256:d23854e5867650d40cba54d49956aad8081452aa80b2cf0d8c310633f4f48510",
                "sha256:d2d942421cf3a1d1eceae8fa192f1fbfb74eb9d3e207d35ad2696bd2ce2c987c",
                "sha256:d2f991c18132f3e505c108147925372ffe4549173b7c258cf227df1c5977a635",
                "sha256:d3a2bcf6c81639a165da93469e1e0aff67c956721f3fa9c0560f07dd1e505116",
                "sha256:d84930b4145991214602372edd7305fc76b700220db79ac0dd57d3afd0f0a1ca",
                "sha256:de3b4d5fb5d69749104b880a157f38baeea7765c93d9cd3837cedd5b84729e10",
                "sha256:e57a10aacedcf24666f4c90d03e599f71d172d1c5e00dcf48205c445806745b0",
                "sha256:f1d06c8fd8b453c3e553c956bd3b8395100401060430572174bb7876dd95ad49",
                "sha256:f833a80d9de9307d736b6af58c235b17ef7f90ebea7b9c49cd274dec7a66a2f1",
                "sha256:fb0544a0e8294a5a5e20d3cacdaaa9a911d7c0a9150f5264aef36e7d8fdfa07e",
                "sha256:ff5d22eece44528023254b595c670dfcf9733ac6af74c4b6cb4f6a784dc3870c"
            ],
            "index": "pypi",
            "markers": "python_version >= '3.9'",
            "version": "==3.11.2"
        },
        "aiosignal": {
            "hashes": [
                "sha256:54cd96e15e1649b75d6c87526a6ff0b6c1b0dd3459f43d9ca11d48c339b68cfc",
                "sha256:f8376fb07dd1e86a584e4fcdec80b36b7f81aac666ebc724e2c090300dd83b17"
            ],
            "markers": "python_version >= '3.7'",
            "version": "==1.3.1"
        },
        "attrs": {
            "hashes": [
                "sha256:5cfb1b9148b5b086569baec03f20d7b6bf3bcacc9a42bebf87ffaaca362f6346",
                "sha256:81921eb96de3191c8258c199618104dd27ac608d9366f5e35d011eae1867ede2"
            ],
            "markers": "python_version >= '3.7'",
            "version": "==24.2.0"
        },
        "beautifulsoup4": {
            "hashes": [
                "sha256:74e3d1928edc070d21748185c46e3fb33490f22f52a3addee9aee0f4f7781051",
                "sha256:b80878c9f40111313e55da8ba20bdba06d8fa3969fc68304167741bbf9e082ed"
            ],
            "index": "pypi",
            "markers": "python_full_version >= '3.6.0'",
            "version": "==4.12.3"
        },
        "bs4": {
            "hashes": [
                "sha256:a48685c58f50fe127722417bae83fe6badf500d54b55f7e39ffe43b798653925",
                "sha256:abf8742c0805ef7f662dce4b51cca104cffe52b835238afc169142ab9b3fbccc"
            ],
            "index": "pypi",
            "version": "==0.0.2"
        },
        "colorama": {
            "hashes": [
                "sha256:08695f5cb7ed6e0531a20572697297273c47b8cae5a63ffc6d6ed5c201be6e44",
                "sha256:4f1d9991f5acc0ca119f9d443620b77f9d6b33703e51011c16baf57afb285fc6"
            ],
            "markers": "python_version >= '2.7' and python_version not in '3.0, 3.1, 3.2, 3.3, 3.4, 3.5, 3.6'",
            "version": "==0.4.6"
        },
        "frozenlist": {
            "hashes": [
                "sha256:000a77d6034fbad9b6bb880f7ec073027908f1b40254b5d6f26210d2dab1240e",
                "sha256:03d33c2ddbc1816237a67f66336616416e2bbb6beb306e5f890f2eb22b959cdf",
                "sha256:04a5c6babd5e8fb7d3c871dc8b321166b80e41b637c31a995ed844a6139942b6",
                "sha256:0996c66760924da6e88922756d99b47512a71cfd45215f3570bf1e0b694c206a",
                "sha256:0cc974cc93d32c42e7b0f6cf242a6bd941c57c61b618e78b6c0a96cb72788c1d",
                "sha256:0f253985bb515ecd89629db13cb58d702035ecd8cfbca7d7a7e29a0e6d39af5f",
                "sha256:11aabdd62b8b9c4b84081a3c246506d1cddd2dd93ff0ad53ede5defec7886b28",
                "sha256:12f78f98c2f1c2429d42e6a485f433722b0061d5c0b0139efa64f396efb5886b",
                "sha256:140228863501b44b809fb39ec56b5d4071f4d0aa6d216c19cbb08b8c5a7eadb9",
                "sha256:1431d60b36d15cda188ea222033eec8e0eab488f39a272461f2e6d9e1a8e63c2",
                "sha256:15538c0cbf0e4fa11d1e3a71f823524b0c46299aed6e10ebb4c2089abd8c3bec",
                "sha256:15b731db116ab3aedec558573c1a5eec78822b32292fe4f2f0345b7f697745c2",
                "sha256:17dcc32fc7bda7ce5875435003220a457bcfa34ab7924a49a1c19f55b6ee185c",
                "sha256:1893f948bf6681733aaccf36c5232c231e3b5166d607c5fa77773611df6dc336",
                "sha256:189f03b53e64144f90990d29a27ec4f7997d91ed3d01b51fa39d2dbe77540fd4",
                "sha256:1a8ea951bbb6cacd492e3948b8da8c502a3f814f5d20935aae74b5df2b19cf3d",
                "sha256:1b96af8c582b94d381a1c1f51ffaedeb77c821c690ea5f01da3d70a487dd0a9b",
                "sha256:1e76bfbc72353269c44e0bc2cfe171900fbf7f722ad74c9a7b638052afe6a00c",
                "sha256:2150cc6305a2c2ab33299453e2968611dacb970d2283a14955923062c8d00b10",
                "sha256:226d72559fa19babe2ccd920273e767c96a49b9d3d38badd7c91a0fdeda8ea08",
                "sha256:237f6b23ee0f44066219dae14c70ae38a63f0440ce6750f868ee08775073f942",
                "sha256:29d94c256679247b33a3dc96cce0f93cbc69c23bf75ff715919332fdbb6a32b8",
                "sha256:2b5e23253bb709ef57a8e95e6ae48daa9ac5f265637529e4ce6b003a37b2621f",
                "sha256:2d0da8bbec082bf6bf18345b180958775363588678f64998c2b7609e34719b10",
                "sha256:2f3f7a0fbc219fb4455264cae4d9f01ad41ae6ee8524500f381de64ffaa077d5",
                "sha256:30c72000fbcc35b129cb09956836c7d7abf78ab5416595e4857d1cae8d6251a6",
                "sha256:31115ba75889723431aa9a4e77d5f398f5cf976eea3bdf61749731f62d4a4a21",
                "sha256:31a9ac2b38ab9b5a8933b693db4939764ad3f299fcaa931a3e605bc3460e693c",
                "sha256:366d8f93e3edfe5a918c874702f78faac300209a4d5bf38352b2c1bdc07a766d",
                "sha256:374ca2dabdccad8e2a76d40b1d037f5bd16824933bf7bcea3e59c891fd4a0923",
                "sha256:44c49271a937625619e862baacbd037a7ef86dd1ee215afc298a417ff3270608",
                "sha256:45e0896250900b5aa25180f9aec243e84e92ac84bd4a74d9ad4138ef3f5c97de",
                "sha256:498524025a5b8ba81695761d78c8dd7382ac0b052f34e66939c42df860b8ff17",
                "sha256:50cf5e7ee9b98f22bdecbabf3800ae78ddcc26e4a435515fc72d97903e8488e0",
                "sha256:52ef692a4bc60a6dd57f507429636c2af8b6046db8b31b18dac02cbc8f507f7f",
                "sha256:561eb1c9579d495fddb6da8959fd2a1fca2c6d060d4113f5844b433fc02f2641",
                "sha256:5a3ba5f9a0dfed20337d3e966dc359784c9f96503674c2faf015f7fe8e96798c",
                "sha256:5b6a66c18b5b9dd261ca98dffcb826a525334b2f29e7caa54e182255c5f6a65a",
                "sha256:5c28f4b5dbef8a0d8aad0d4de24d1e9e981728628afaf4ea0792f5d0939372f0",
                "sha256:5d7f5a50342475962eb18b740f3beecc685a15b52c91f7d975257e13e029eca9",
                "sha256:6321899477db90bdeb9299ac3627a6a53c7399c8cd58d25da094007402b039ab",
                "sha256:6482a5851f5d72767fbd0e507e80737f9c8646ae7fd303def99bfe813f76cf7f",
                "sha256:666534d15ba8f0fda3f53969117383d5dc021266b3c1a42c9ec4855e4b58b9d3",
                "sha256:683173d371daad49cffb8309779e886e59c2f369430ad28fe715f66d08d4ab1a",
                "sha256:6e9080bb2fb195a046e5177f10d9d82b8a204c0736a97a153c2466127de87784",
                "sha256:73f2e31ea8dd7df61a359b731716018c2be196e5bb3b74ddba107f694fbd7604",
                "sha256:7437601c4d89d070eac8323f121fcf25f88674627505334654fd027b091db09d",
                "sha256:76e4753701248476e6286f2ef492af900ea67d9706a0155335a40ea21bf3b2f5",
                "sha256:7707a25d6a77f5d27ea7dc7d1fc608aa0a478193823f88511ef5e6b8a48f9d03",
                "sha256:7948140d9f8ece1745be806f2bfdf390127cf1a763b925c4a805c603df5e697e",
                "sha256:7a1a048f9215c90973402e26c01d1cff8a209e1f1b53f72b95c13db61b00f953",
                "sha256:7d57d8f702221405a9d9b40f9da8ac2e4a1a8b5285aac6100f3393675f0a85ee",
                "sha256:7f3c8c1dacd037df16e85227bac13cca58c30da836c6f936ba1df0c05d046d8d",
                "sha256:81d5af29e61b9c8348e876d442253723928dce6433e0e76cd925cd83f1b4b817",
                "sha256:828afae9f17e6de596825cf4228ff28fbdf6065974e5ac1410cecc22f699d2b3",
                "sha256:87f724d055eb4785d9be84e9ebf0f24e392ddfad00b3fe036e43f489fafc9039",
                "sha256:8969190d709e7c48ea386db202d708eb94bdb29207a1f269bab1196ce0dcca1f",
                "sha256:90646abbc7a5d5c7c19461d2e3eeb76eb0b204919e6ece342feb6032c9325ae9",
                "sha256:91d6c171862df0a6c61479d9724f22efb6109111017c87567cfeb7b5d1449fdf",
                "sha256:9272fa73ca71266702c4c3e2d4a28553ea03418e591e377a03b8e3659d94fa76",
                "sha256:92b5278ed9d50fe610185ecd23c55d8b307d75ca18e94c0e7de328089ac5dcba",
                "sha256:97160e245ea33d8609cd2b8fd997c850b56db147a304a262abc2b3be021a9171",
                "sha256:977701c081c0241d0955c9586ffdd9ce44f7a7795df39b9151cd9a6fd0ce4cfb",
                "sha256:9b7dc0c4338e6b8b091e8faf0db3168a37101943e687f373dce00959583f7439",
                "sha256:9b93d7aaa36c966fa42efcaf716e6b3900438632a626fb09c049f6a2f09fc631",
                "sha256:9bbcdfaf4af7ce002694a4e10a0159d5a8d20056a12b05b45cea944a4953f972",
                "sha256:9c2623347b933fcb9095841f1cc5d4ff0b278addd743e0e966cb3d460278840d",
                "sha256:a2fe128eb4edeabe11896cb6af88fca5346059f6c8d807e3b910069f39157869",
                "sha256:a72b7a6e3cd2725eff67cd64c8f13335ee18fc3c7befc05aed043d24c7b9ccb9",
                "sha256:a9fe0f1c29ba24ba6ff6abf688cb0b7cf1efab6b6aa6adc55441773c252f7411",
                "sha256:b97f7b575ab4a8af9b7bc1d2ef7f29d3afee2226bd03ca3875c16451ad5a7723",
                "sha256:bdac3c7d9b705d253b2ce370fde941836a5f8b3c5c2b8fd70940a3ea3af7f4f2",
                "sha256:c03eff4a41bd4e38415cbed054bbaff4a075b093e2394b6915dca34a40d1e38b",
                "sha256:c16d2fa63e0800723139137d667e1056bee1a1cf7965153d2d104b62855e9b99",
                "sha256:c1fac3e2ace2eb1052e9f7c7db480818371134410e1f5c55d65e8f3ac6d1407e",
                "sha256:ce3aa154c452d2467487765e3adc730a8c153af77ad84096bc19ce19a2400840",
                "sha256:cee6798eaf8b1416ef6909b06f7dc04b60755206bddc599f52232606e18179d3",
                "sha256:d1b3eb7b05ea246510b43a7e53ed1653e55c2121019a97e60cad7efb881a97bb",
                "sha256:d994863bba198a4a518b467bb971c56e1db3f180a25c6cf7bb1949c267f748c3",
                "sha256:dd47a5181ce5fcb463b5d9e17ecfdb02b678cca31280639255ce9d0e5aa67af0",
                "sha256:dd94994fc91a6177bfaafd7d9fd951bc8689b0a98168aa26b5f543868548d3ca",
                "sha256:de537c11e4aa01d37db0d403b57bd6f0546e71a82347a97c6a9f0dcc532b3a45",
                "sha256:df6e2f325bfee1f49f81aaac97d2aa757c7646534a06f8f577ce184afe2f0a9e",
                "sha256:e66cc454f97053b79c2ab09c17fbe3c825ea6b4de20baf1be28919460dd7877f",
                "sha256:e79225373c317ff1e35f210dd5f1344ff31066ba8067c307ab60254cd3a78ad5",
                "sha256:f1577515d35ed5649d52ab4319db757bb881ce3b2b796d7283e6634d99ace307",
                "sha256:f1e6540b7fa044eee0bb5111ada694cf3dc15f2b0347ca125ee9ca984d5e9e6e",
                "sha256:f2ac49a9bedb996086057b75bf93538240538c6d9b38e57c82d51f75a73409d2",
                "sha256:f47c9c9028f55a04ac254346e92977bf0f166c483c74b4232bee19a6697e4778",
                "sha256:f5f9da7f5dbc00a604fe74aa02ae7c98bcede8a3b8b9666f9f86fc13993bc71a",
                "sha256:fd74520371c3c4175142d02a976aee0b4cb4a7cc912a60586ffd8d5929979b30",
                "sha256:feeb64bc9bcc6b45c6311c9e9b99406660a9c05ca8a5b30d14a78555088b0b3a"
            ],
            "markers": "python_version >= '3.8'",
            "version": "==1.5.0"
        },
        "idna": {
            "hashes": [
                "sha256:12f65c9b470abda6dc35cf8e63cc574b1c52b11df2c86030af0ac09b01b13ea9",
                "sha256:946d195a0d259cbba61165e88e65941f16e9b36ea6ddb97f00452bae8b1287d3"
            ],
            "markers": "python_version >= '3.6'",
            "version": "==3.10"
        },
        "multidict": {
            "hashes": [
                "sha256:052e10d2d37810b99cc170b785945421141bf7bb7d2f8799d431e7db229c385f",
                "sha256:06809f4f0f7ab7ea2cabf9caca7d79c22c0758b58a71f9d32943ae13c7ace056",
                "sha256:071120490b47aa997cca00666923a83f02c7fbb44f71cf7f136df753f7fa8761",
                "sha256:0c3f390dc53279cbc8ba976e5f8035eab997829066756d811616b652b00a23a3",
                "sha256:0e2b90b43e696f25c62656389d32236e049568b39320e2735d51f08fd362761b",
                "sha256:0e5f362e895bc5b9e67fe6e4ded2492d8124bdf817827f33c5b46c2fe3ffaca6",
                "sha256:10524ebd769727ac77ef2278390fb0068d83f3acb7773792a5080f2b0abf7748",
                "sha256:10a9b09aba0c5b48c53761b7c720aaaf7cf236d5fe394cd399c7ba662d5f9966",
                "sha256:16e5f4bf4e603eb1fdd5d8180f1a25f30056f22e55ce51fb3d6ad4ab29f7d96f",
                "sha256:188215fc0aafb8e03341995e7c4797860181562380f81ed0a87ff455b70bf1f1",
                "sha256:189f652a87e876098bbc67b4da1049afb5f5dfbaa310dd67c594b01c10388db6",
                "sha256:1ca0083e80e791cffc6efce7660ad24af66c8d4079d2a750b29001b53ff59ada",
                "sha256:1e16bf3e5fc9f44632affb159d30a437bfe286ce9e02754759be5536b169b305",
                "sha256:2090f6a85cafc5b2db085124d752757c9d251548cedabe9bd31afe6363e0aff2",
                "sha256:20b9b5fbe0b88d0bdef2012ef7dee867f874b72528cf1d08f1d59b0e3850129d",
                "sha256:22ae2ebf9b0c69d206c003e2f6a914ea33f0a932d4aa16f236afc049d9958f4a",
                "sha256:22f3105d4fb15c8f57ff3959a58fcab6ce36814486500cd7485651230ad4d4ef",
                "sha256:23bfd518810af7de1116313ebd9092cb9aa629beb12f6ed631ad53356ed6b86c",
                "sha256:27e5fc84ccef8dfaabb09d82b7d179c7cf1a3fbc8a966f8274fcb4ab2eb4cadb",
                "sha256:3380252550e372e8511d49481bd836264c009adb826b23fefcc5dd3c69692f60",
                "sha256:3702ea6872c5a2a4eeefa6ffd36b042e9773f05b1f37ae3ef7264b1163c2dcf6",
                "sha256:37bb93b2178e02b7b618893990941900fd25b6b9ac0fa49931a40aecdf083fe4",
                "sha256:3914f5aaa0f36d5d60e8ece6a308ee1c9784cd75ec8151062614657a114c4478",
                "sha256:3a37ffb35399029b45c6cc33640a92bef403c9fd388acce75cdc88f58bd19a81",
                "sha256:3c8b88a2ccf5493b6c8da9076fb151ba106960a2df90c2633f342f120751a9e7",
                "sha256:3e97b5e938051226dc025ec80980c285b053ffb1e25a3db2a3aa3bc046bf7f56",
                "sha256:3ec660d19bbc671e3a6443325f07263be452c453ac9e512f5eb935e7d4ac28b3",
                "sha256:3efe2c2cb5763f2f1b275ad2bf7a287d3f7ebbef35648a9726e3b69284a4f3d6",
                "sha256:483a6aea59cb89904e1ceabd2b47368b5600fb7de78a6e4a2c2987b2d256cf30",
                "sha256:4867cafcbc6585e4b678876c489b9273b13e9fff9f6d6d66add5e15d11d926cb",
                "sha256:48e171e52d1c4d33888e529b999e5900356b9ae588c2f09a52dcefb158b27506",
                "sha256:4a9cb68166a34117d6646c0023c7b759bf197bee5ad4272f420a0141d7eb03a0",
                "sha256:4b820514bfc0b98a30e3d85462084779900347e4d49267f747ff54060cc33925",
                "sha256:4e18b656c5e844539d506a0a06432274d7bd52a7487e6828c63a63d69185626c",
                "sha256:4e9f48f58c2c523d5a06faea47866cd35b32655c46b443f163d08c6d0ddb17d6",
                "sha256:50b3a2710631848991d0bf7de077502e8994c804bb805aeb2925a981de58ec2e",
                "sha256:55b6d90641869892caa9ca42ff913f7ff1c5ece06474fbd32fb2cf6834726c95",
                "sha256:57feec87371dbb3520da6192213c7d6fc892d5589a93db548331954de8248fd2",
                "sha256:58130ecf8f7b8112cdb841486404f1282b9c86ccb30d3519faf301b2e5659133",
                "sha256:5845c1fd4866bb5dd3125d89b90e57ed3138241540897de748cdf19de8a2fca2",
                "sha256:59bfeae4b25ec05b34f1956eaa1cb38032282cd4dfabc5056d0a1ec4d696d3aa",
                "sha256:5b48204e8d955c47c55b72779802b219a39acc3ee3d0116d5080c388970b76e3",
                "sha256:5c09fcfdccdd0b57867577b719c69e347a436b86cd83747f179dbf0cc0d4c1f3",
                "sha256:6180c0ae073bddeb5a97a38c03f30c233e0a4d39cd86166251617d1bbd0af436",
                "sha256:682b987361e5fd7a139ed565e30d81fd81e9629acc7d925a205366877d8c8657",
                "sha256:6b5d83030255983181005e6cfbac1617ce9746b219bc2aad52201ad121226581",
                "sha256:6bb5992037f7a9eff7991ebe4273ea7f51f1c1c511e6a2ce511d0e7bdb754492",
                "sha256:73eae06aa53af2ea5270cc066dcaf02cc60d2994bbb2c4ef5764949257d10f43",
                "sha256:76f364861c3bfc98cbbcbd402d83454ed9e01a5224bb3a28bf70002a230f73e2",
                "sha256:820c661588bd01a0aa62a1283f20d2be4281b086f80dad9e955e690c75fb54a2",
                "sha256:82176036e65644a6cc5bd619f65f6f19781e8ec2e5330f51aa9ada7504cc1926",
                "sha256:87701f25a2352e5bf7454caa64757642734da9f6b11384c1f9d1a8e699758057",
                "sha256:9079dfc6a70abe341f521f78405b8949f96db48da98aeb43f9907f342f627cdc",
                "sha256:90f8717cb649eea3504091e640a1b8568faad18bd4b9fcd692853a04475a4b80",
                "sha256:957cf8e4b6e123a9eea554fa7ebc85674674b713551de587eb318a2df3e00255",
                "sha256:99f826cbf970077383d7de805c0681799491cb939c25450b9b5b3ced03ca99f1",
                "sha256:9f636b730f7e8cb19feb87094949ba54ee5357440b9658b2a32a5ce4bce53972",
                "sha256:a114d03b938376557927ab23f1e950827c3b893ccb94b62fd95d430fd0e5cf53",
                "sha256:a185f876e69897a6f3325c3f19f26a297fa058c5e456bfcff8015e9a27e83ae1",
                "sha256:a7a9541cd308eed5e30318430a9c74d2132e9a8cb46b901326272d780bf2d423",
                "sha256:aa466da5b15ccea564bdab9c89175c762bc12825f4659c11227f515cee76fa4a",
                "sha256:aaed8b0562be4a0876ee3b6946f6869b7bcdb571a5d1496683505944e268b160",
                "sha256:ab7c4ceb38d91570a650dba194e1ca87c2b543488fe9309b4212694174fd539c",
                "sha256:ac10f4c2b9e770c4e393876e35a7046879d195cd123b4f116d299d442b335bcd",
                "sha256:b04772ed465fa3cc947db808fa306d79b43e896beb677a56fb2347ca1a49c1fa",
                "sha256:b1c416351ee6271b2f49b56ad7f308072f6f44b37118d69c2cad94f3fa8a40d5",
                "sha256:b225d95519a5bf73860323e633a664b0d85ad3d5bede6d30d95b35d4dfe8805b",
                "sha256:b2f59caeaf7632cc633b5cf6fc449372b83bbdf0da4ae04d5be36118e46cc0aa",
                "sha256:b58c621844d55e71c1b7f7c498ce5aa6985d743a1a59034c57a905b3f153c1ef",
                "sha256:bf6bea52ec97e95560af5ae576bdac3aa3aae0b6758c6efa115236d9e07dae44",
                "sha256:c08be4f460903e5a9d0f76818db3250f12e9c344e79314d1d570fc69d7f4eae4",
                "sha256:c7053d3b0353a8b9de430a4f4b4268ac9a4fb3481af37dfe49825bf45ca24156",
                "sha256:c943a53e9186688b45b323602298ab727d8865d8c9ee0b17f8d62d14b56f0753",
                "sha256:ce2186a7df133a9c895dea3331ddc5ddad42cdd0d1ea2f0a51e5d161e4762f28",
                "sha256:d093be959277cb7dee84b801eb1af388b6ad3ca6a6b6bf1ed7585895789d027d",
                "sha256:d094ddec350a2fb899fec68d8353c78233debde9b7d8b4beeafa70825f1c281a",
                "sha256:d1a9dd711d0877a1ece3d2e4fea11a8e75741ca21954c919406b44e7cf971304",
                "sha256:d569388c381b24671589335a3be6e1d45546c2988c2ebe30fdcada8457a31008",
                "sha256:d618649d4e70ac6efcbba75be98b26ef5078faad23592f9b51ca492953012429",
                "sha256:d83a047959d38a7ff552ff94be767b7fd79b831ad1cd9920662db05fec24fe72",
                "sha256:d8fff389528cad1618fb4b26b95550327495462cd745d879a8c7c2115248e399",
                "sha256:da1758c76f50c39a2efd5e9859ce7d776317eb1dd34317c8152ac9251fc574a3",
                "sha256:db7457bac39421addd0c8449933ac32d8042aae84a14911a757ae6ca3eef1392",
                "sha256:e27bbb6d14416713a8bd7aaa1313c0fc8d44ee48d74497a0ff4c3a1b6ccb5167",
                "sha256:e617fb6b0b6953fffd762669610c1c4ffd05632c138d61ac7e14ad187870669c",
                "sha256:e9aa71e15d9d9beaad2c6b9319edcdc0a49a43ef5c0a4c8265ca9ee7d6c67774",
                "sha256:ec2abea24d98246b94913b76a125e855eb5c434f7c46546046372fe60f666351",
                "sha256:f179dee3b863ab1c59580ff60f9d99f632f34ccb38bf67a33ec6b3ecadd0fd76",
                "sha256:f4c035da3f544b1882bac24115f3e2e8760f10a0107614fc9839fd232200b875",
                "sha256:f67f217af4b1ff66c68a87318012de788dd95fcfeb24cc889011f4e1c7454dfd",
                "sha256:f90c822a402cb865e396a504f9fc8173ef34212a342d92e362ca498cad308e28",
                "sha256:ff3827aef427c89a25cc96ded1759271a93603aba9fb977a6d264648ebf989db"
            ],
            "markers": "python_version >= '3.8'",
            "version": "==6.1.0"
        },
        "soupsieve": {
            "hashes": [
                "sha256:e2e68417777af359ec65daac1057404a3c8a5455bb8abc36f1a9866ab1a51abb",
                "sha256:e72c4ff06e4fb6e4b5a9f0f55fe6e81514581fca1515028625d0f299c602ccc9"
            ],
            "markers": "python_version >= '3.8'",
            "version": "==2.6"
        },
        "tqdm": {
            "hashes": [
                "sha256:0cd8af9d56911acab92182e88d763100d4788bdf421d251616040cc4d44863be",
                "sha256:fe5a6f95e6fe0b9755e9469b77b9c3cf850048224ecaa8293d7d2d31f97d869a"
            ],
            "index": "pypi",
            "markers": "python_version >= '3.7'",
            "version": "==4.67.0"
        },
        "yarl": {
            "hashes": [
                "sha256:0c8e589379ef0407b10bed16cc26e7392ef8f86961a706ade0a22309a45414d7",
                "sha256:0d41c684f286ce41fa05ab6af70f32d6da1b6f0457459a56cf9e393c1c0b2217",
                "sha256:1056cadd5e850a1c026f28e0704ab0a94daaa8f887ece8dfed30f88befb87bb0",
                "sha256:11d86c6145ac5c706c53d484784cf504d7d10fa407cb73b9d20f09ff986059ef",
                "sha256:170ed4971bf9058582b01a8338605f4d8c849bd88834061e60e83b52d0c76870",
                "sha256:17791acaa0c0f89323c57da7b9a79f2174e26d5debbc8c02d84ebd80c2b7bff8",
                "sha256:17931dfbb84ae18b287279c1f92b76a3abcd9a49cd69b92e946035cff06bcd20",
                "sha256:18662443c6c3707e2fc7fad184b4dc32dd428710bbe72e1bce7fe1988d4aa654",
                "sha256:187df91395c11e9f9dc69b38d12406df85aa5865f1766a47907b1cc9855b6303",
                "sha256:1fee66b32e79264f428dc8da18396ad59cc48eef3c9c13844adec890cd339db5",
                "sha256:2270d590997445a0dc29afa92e5534bfea76ba3aea026289e811bf9ed4b65a7f",
                "sha256:2654caaf5584449d49c94a6b382b3cb4a246c090e72453493ea168b931206a4d",
                "sha256:26bfb6226e0c157af5da16d2d62258f1ac578d2899130a50433ffee4a5dfa673",
                "sha256:2941756754a10e799e5b87e2319bbec481ed0957421fba0e7b9fb1c11e40509f",
                "sha256:3294f787a437cb5d81846de3a6697f0c35ecff37a932d73b1fe62490bef69211",
                "sha256:358dc7ddf25e79e1cc8ee16d970c23faee84d532b873519c5036dbb858965795",
                "sha256:38bc4ed5cae853409cb193c87c86cd0bc8d3a70fd2268a9807217b9176093ac6",
                "sha256:3a0baff7827a632204060f48dca9e63fbd6a5a0b8790c1a2adfb25dc2c9c0d50",
                "sha256:3a3ede8c248f36b60227eb777eac1dbc2f1022dc4d741b177c4379ca8e75571a",
                "sha256:3a58a2f2ca7aaf22b265388d40232f453f67a6def7355a840b98c2d547bd037f",
                "sha256:4434b739a8a101a837caeaa0137e0e38cb4ea561f39cb8960f3b1e7f4967a3fc",
                "sha256:460024cacfc3246cc4d9f47a7fc860e4fcea7d1dc651e1256510d8c3c9c7cde0",
                "sha256:46c465ad06971abcf46dd532f77560181387b4eea59084434bdff97524444032",
                "sha256:48e424347a45568413deec6f6ee2d720de2cc0385019bedf44cd93e8638aa0ed",
                "sha256:4a8c83f6fcdc327783bdc737e8e45b2e909b7bd108c4da1892d3bc59c04a6d84",
                "sha256:4c840cc11163d3c01a9d8aad227683c48cd3e5be5a785921bcc2a8b4b758c4f3",
                "sha256:4d486ddcaca8c68455aa01cf53d28d413fb41a35afc9f6594a730c9779545876",
                "sha256:4e76381be3d8ff96a4e6c77815653063e87555981329cf8f85e5be5abf449021",
                "sha256:50d866f7b1a3f16f98603e095f24c0eeba25eb508c85a2c5939c8b3870ba2df8",
                "sha256:52492b87d5877ec405542f43cd3da80bdcb2d0c2fbc73236526e5f2c28e6db28",
                "sha256:56afb44a12b0864d17b597210d63a5b88915d680f6484d8d202ed68ade38673d",
                "sha256:585ce7cd97be8f538345de47b279b879e091c8b86d9dbc6d98a96a7ad78876a3",
                "sha256:5870d620b23b956f72bafed6a0ba9a62edb5f2ef78a8849b7615bd9433384171",
                "sha256:5c6ea72fe619fee5e6b5d4040a451d45d8175f560b11b3d3e044cd24b2720526",
                "sha256:688058e89f512fb7541cb85c2f149c292d3fa22f981d5a5453b40c5da49eb9e8",
                "sha256:6a3f47930fbbed0f6377639503848134c4aa25426b08778d641491131351c2c8",
                "sha256:6b981316fcd940f085f646b822c2ff2b8b813cbd61281acad229ea3cbaabeb6b",
                "sha256:734144cd2bd633a1516948e477ff6c835041c0536cef1d5b9a823ae29899665b",
                "sha256:736bb076f7299c5c55dfef3eb9e96071a795cb08052822c2bb349b06f4cb2e0a",
                "sha256:752485cbbb50c1e20908450ff4f94217acba9358ebdce0d8106510859d6eb19a",
                "sha256:753eaaa0c7195244c84b5cc159dc8204b7fd99f716f11198f999f2332a86b178",
                "sha256:75ac158560dec3ed72f6d604c81090ec44529cfb8169b05ae6fcb3e986b325d9",
                "sha256:76499469dcc24759399accd85ec27f237d52dec300daaca46a5352fcbebb1071",
                "sha256:782ca9c58f5c491c7afa55518542b2b005caedaf4685ec814fadfcee51f02493",
                "sha256:792155279dc093839e43f85ff7b9b6493a8eaa0af1f94f1f9c6e8f4de8c63500",
                "sha256:7a1606ba68e311576bcb1672b2a1543417e7e0aa4c85e9e718ba6466952476c0",
                "sha256:8281db240a1616af2f9c5f71d355057e73a1409c4648c8949901396dc0a3c151",
                "sha256:871e1b47eec7b6df76b23c642a81db5dd6536cbef26b7e80e7c56c2fd371382e",
                "sha256:8b9c4643e7d843a0dca9cd9d610a0876e90a1b2cbc4c5ba7930a0d90baf6903f",
                "sha256:8c6d5fed96f0646bfdf698b0a1cebf32b8aae6892d1bec0c5d2d6e2df44e1e2d",
                "sha256:8e1bf59e035534ba4077f5361d8d5d9194149f9ed4f823d1ee29ef3e8964ace3",
                "sha256:8fd51299e21da709eabcd5b2dd60e39090804431292daacbee8d3dabe39a6bc0",
                "sha256:91c012dceadc695ccf69301bfdccd1fc4472ad714fe2dd3c5ab4d2046afddf29",
                "sha256:93771146ef048b34201bfa382c2bf74c524980870bb278e6df515efaf93699ff",
                "sha256:93d1c8cc5bf5df401015c5e2a3ce75a5254a9839e5039c881365d2a9dcfc6dc2",
                "sha256:9611b83810a74a46be88847e0ea616794c406dbcb4e25405e52bff8f4bee2d0a",
                "sha256:9bc27dd5cfdbe3dc7f381b05e6260ca6da41931a6e582267d5ca540270afeeb2",
                "sha256:ac8eda86cc75859093e9ce390d423aba968f50cf0e481e6c7d7d63f90bae5c9c",
                "sha256:bc3003710e335e3f842ae3fd78efa55f11a863a89a72e9a07da214db3bf7e1f8",
                "sha256:bc61b005f6521fcc00ca0d1243559a5850b9dd1e1fe07b891410ee8fe192d0c0",
                "sha256:be4c7b1c49d9917c6e95258d3d07f43cfba2c69a6929816e77daf322aaba6628",
                "sha256:c019abc2eca67dfa4d8fb72ba924871d764ec3c92b86d5b53b405ad3d6aa56b0",
                "sha256:c42774d1d1508ec48c3ed29e7b110e33f5e74a20957ea16197dbcce8be6b52ba",
                "sha256:c556fbc6820b6e2cda1ca675c5fa5589cf188f8da6b33e9fc05b002e603e44fa",
                "sha256:c6e659b9a24d145e271c2faf3fa6dd1fcb3e5d3f4e17273d9e0350b6ab0fe6e2",
                "sha256:c74f0b0472ac40b04e6d28532f55cac8090e34c3e81f118d12843e6df14d0909",
                "sha256:cd7e35818d2328b679a13268d9ea505c85cd773572ebb7a0da7ccbca77b6a52e",
                "sha256:d17832ba39374134c10e82d137e372b5f7478c4cceeb19d02ae3e3d1daed8721",
                "sha256:d1fa68a3c921365c5745b4bd3af6221ae1f0ea1bf04b69e94eda60e57958907f",
                "sha256:d63123bfd0dce5f91101e77c8a5427c3872501acece8c90df457b486bc1acd47",
                "sha256:da9d3061e61e5ae3f753654813bc1cd1c70e02fb72cf871bd6daf78443e9e2b1",
                "sha256:db5ac3871ed76340210fe028f535392f097fb31b875354bcb69162bba2632ef4",
                "sha256:dd7abf4f717e33b7487121faf23560b3a50924f80e4bef62b22dab441ded8f3b",
                "sha256:dd90238d3a77a0e07d4d6ffdebc0c21a9787c5953a508a2231b5f191455f31e9",
                "sha256:ef6eee1a61638d29cd7c85f7fd3ac7b22b4c0fabc8fd00a712b727a3e73b0685",
                "sha256:f11fd61d72d93ac23718d393d2a64469af40be2116b24da0a4ca6922df26807e",
                "sha256:f1e7fedb09c059efee2533119666ca7e1a2610072076926fa028c2ba5dfeb78c",
                "sha256:f25b7e93f5414b9a983e1a6c1820142c13e1782cc9ed354c25e933aebe97fcf2",
                "sha256:f2f44a4247461965fed18b2573f3a9eb5e2c3cad225201ee858726cde610daca",
                "sha256:f5ffc6b7ace5b22d9e73b2a4c7305740a339fbd55301d52735f73e21d9eb3130",
                "sha256:ff6af03cac0d1a4c3c19e5dcc4c05252411bf44ccaa2485e20d0a7c77892ab6e",
                "sha256:ff8d95e06546c3a8c188f68040e9d0360feb67ba8498baf018918f669f7bc39b"
            ],
            "markers": "python_version >= '3.9'",
            "version": "==1.17.2"
        }
    },
    "develop": {}
}
